
Microsoft Visual Studio Solution File, Format Version 12.00
# Visual Studio Version 16
VisualStudioVersion = 16.0.30621.155
MinimumVisualStudioVersion = 10.0.40219.1
Project("{FAE04EC0-301F-11D3-BF4B-00C04F79EFBC}") = "FootballApp.Android", "FootballApp\FootballApp.Android\FootballApp.Android.csproj", "{562C3A65-249C-4CB2-99E7-7C0BA22A9896}"
EndProject
Project("{FAE04EC0-301F-11D3-BF4B-00C04F79EFBC}") = "FootballApp.iOS", "FootballApp\FootballApp.iOS\FootballApp.iOS.csproj", "{4548068E-D6E4-4B99-AC60-C79BE3C34411}"
EndProject
Project("{FAE04EC0-301F-11D3-BF4B-00C04F79EFBC}") = "FootballApp", "FootballApp\FootballApp\FootballApp.csproj", "{374E8112-143A-4FDB-8A1F-5409DABDCCF1}"
EndProject
Global
	GlobalSection(SolutionConfigurationPlatforms) = preSolution
		Debug|Any CPU = Debug|Any CPU
		Debug|iPhone = Debug|iPhone
		Debug|iPhoneSimulator = Debug|iPhoneSimulator
		Release|Any CPU = Release|Any CPU
		Release|iPhone = Release|iPhone
		Release|iPhoneSimulator = Release|iPhoneSimulator
	EndGlobalSection
	GlobalSection(ProjectConfigurationPlatforms) = postSolution
		{562C3A65-249C-4CB2-99E7-7C0BA22A9896}.Debug|Any CPU.ActiveCfg = Debug|Any CPU
		{562C3A65-249C-4CB2-99E7-7C0BA22A9896}.Debug|Any CPU.Build.0 = Debug|Any CPU
		{562C3A65-249C-4CB2-99E7-7C0BA22A9896}.Debug|Any CPU.Deploy.0 = Debug|Any CPU
		{562C3A65-249C-4CB2-99E7-7C0BA22A9896}.Debug|iPhone.ActiveCfg = Debug|Any CPU
		{562C3A65-249C-4CB2-99E7-7C0BA22A9896}.Debug|iPhone.Build.0 = Debug|Any CPU
		{562C3A65-249C-4CB2-99E7-7C0BA22A9896}.Debug|iPhone.Deploy.0 = Debug|Any CPU
		{562C3A65-249C-4CB2-99E7-7C0BA22A9896}.Debug|iPhoneSimulator.ActiveCfg = Debug|Any CPU
		{562C3A65-249C-4CB2-99E7-7C0BA22A9896}.Debug|iPhoneSimulator.Build.0 = Debug|Any CPU
		{562C3A65-249C-4CB2-99E7-7C0BA22A9896}.Debug|iPhoneSimulator.Deploy.0 = Debug|Any CPU
		{562C3A65-249C-4CB2-99E7-7C0BA22A9896}.Release|Any CPU.ActiveCfg = Release|Any CPU
		{562C3A65-249C-4CB2-99E7-7C0BA22A9896}.Release|Any CPU.Build.0 = Release|Any CPU
		{562C3A65-249C-4CB2-99E7-7C0BA22A9896}.Release|Any CPU.Deploy.0 = Release|Any CPU
		{562C3A65-249C-4CB2-99E7-7C0BA22A9896}.Release|iPhone.ActiveCfg = Release|Any CPU
		{562C3A65-249C-4CB2-99E7-7C0BA22A9896}.Release|iPhone.Build.0 = Release|Any CPU
		{562C3A65-249C-4CB2-99E7-7C0BA22A9896}.Release|iPhone.Deploy.0 = Release|Any CPU
		{562C3A65-249C-4CB2-99E7-7C0BA22A9896}.Release|iPhoneSimulator.ActiveCfg = Release|Any CPU
		{562C3A65-249C-4CB2-99E7-7C0BA22A9896}.Release|iPhoneSimulator.Build.0 = Release|Any CPU
		{562C3A65-249C-4CB2-99E7-7C0BA22A9896}.Release|iPhoneSimulator.Deploy.0 = Release|Any CPU
		{4548068E-D6E4-4B99-AC60-C79BE3C34411}.Debug|Any CPU.ActiveCfg = Debug|iPhone
		{4548068E-D6E4-4B99-AC60-C79BE3C34411}.Debug|Any CPU.Build.0 = Debug|iPhone
		{4548068E-D6E4-4B99-AC60-C79BE3C34411}.Debug|Any CPU.Deploy.0 = Debug|iPhone
		{4548068E-D6E4-4B99-AC60-C79BE3C34411}.Debug|iPhone.ActiveCfg = Debug|iPhone
		{4548068E-D6E4-4B99-AC60-C79BE3C34411}.Debug|iPhone.Build.0 = Debug|iPhone
		{4548068E-D6E4-4B99-AC60-C79BE3C34411}.Debug|iPhone.Deploy.0 = Debug|iPhone
		{4548068E-D6E4-4B99-AC60-C79BE3C34411}.Debug|iPhoneSimulator.ActiveCfg = Debug|iPhoneSimulator
		{4548068E-D6E4-4B99-AC60-C79BE3C34411}.Debug|iPhoneSimulator.Build.0 = Debug|iPhoneSimulator
		{4548068E-D6E4-4B99-AC60-C79BE3C34411}.Debug|iPhoneSimulator.Deploy.0 = Debug|iPhoneSimulator
		{4548068E-D6E4-4B99-AC60-C79BE3C34411}.Release|Any CPU.ActiveCfg = Release|iPhoneSimulator
		{4548068E-D6E4-4B99-AC60-C79BE3C34411}.Release|Any CPU.Build.0 = Release|iPhoneSimulator
		{4548068E-D6E4-4B99-AC60-C79BE3C34411}.Release|Any CPU.Deploy.0 = Release|iPhoneSimulator
		{4548068E-D6E4-4B99-AC60-C79BE3C34411}.Release|iPhone.ActiveCfg = Release|iPhone
		{4548068E-D6E4-4B99-AC60-C79BE3C34411}.Release|iPhone.Build.0 = Release|iPhone
		{4548068E-D6E4-4B99-AC60-C79BE3C34411}.Release|iPhone.Deploy.0 = Release|iPhone
		{4548068E-D6E4-4B99-AC60-C79BE3C34411}.Release|iPhoneSimulator.ActiveCfg = Release|iPhoneSimulator
		{4548068E-D6E4-4B99-AC60-C79BE3C34411}.Release|iPhoneSimulator.Build.0 = Release|iPhoneSimulator
		{4548068E-D6E4-4B99-AC60-C79BE3C34411}.Release|iPhoneSimulator.Deploy.0 = Release|iPhoneSimulator
		{374E8112-143A-4FDB-8A1F-5409DABDCCF1}.Debug|Any CPU.ActiveCfg = Debug|Any CPU
		{374E8112-143A-4FDB-8A1F-5409DABDCCF1}.Debug|Any CPU.Build.0 = Debug|Any CPU
		{374E8112-143A-4FDB-8A1F-5409DABDCCF1}.Debug|Any CPU.Deploy.0 = Debug|Any CPU
		{374E8112-143A-4FDB-8A1F-5409DABDCCF1}.Debug|iPhone.ActiveCfg = Debug|Any CPU
		{374E8112-143A-4FDB-8A1F-5409DABDCCF1}.Debug|iPhone.Build.0 = Debug|Any CPU
		{374E8112-143A-4FDB-8A1F-5409DABDCCF1}.Debug|iPhone.Deploy.0 = Debug|Any CPU
		{374E8112-143A-4FDB-8A1F-5409DABDCCF1}.Debug|iPhoneSimulator.ActiveCfg = Debug|Any CPU
		{374E8112-143A-4FDB-8A1F-5409DABDCCF1}.Debug|iPhoneSimulator.Build.0 = Debug|Any CPU
		{374E8112-143A-4FDB-8A1F-5409DABDCCF1}.Debug|iPhoneSimulator.Deploy.0 = Debug|Any CPU
		{374E8112-143A-4FDB-8A1F-5409DABDCCF1}.Release|Any CPU.ActiveCfg = Release|Any CPU
		{374E8112-143A-4FDB-8A1F-5409DABDCCF1}.Release|Any CPU.Build.0 = Release|Any CPU
		{374E8112-143A-4FDB-8A1F-5409DABDCCF1}.Release|Any CPU.Deploy.0 = Release|Any CPU
		{374E8112-143A-4FDB-8A1F-5409DABDCCF1}.Release|iPhone.ActiveCfg = Release|Any CPU
		{374E8112-143A-4FDB-8A1F-5409DABDCCF1}.Release|iPhone.Build.0 = Release|Any CPU
		{374E8112-143A-4FDB-8A1F-5409DABDCCF1}.Release|iPhone.Deploy.0 = Release|Any CPU
		{374E8112-143A-4FDB-8A1F-5409DABDCCF1}.Release|iPhoneSimulator.ActiveCfg = Release|Any CPU
		{374E8112-143A-4FDB-8A1F-5409DABDCCF1}.Release|iPhoneSimulator.Build.0 = Release|Any CPU
		{374E8112-143A-4FDB-8A1F-5409DABDCCF1}.Release|iPhoneSimulator.Deploy.0 = Release|Any CPU
	EndGlobalSection
	GlobalSection(SolutionProperties) = preSolution
		HideSolutionNode = FALSE
	EndGlobalSection
	GlobalSection(ExtensibilityGlobals) = postSolution
		SolutionGuid = {E6B96F16-627F-4CD4-B0BA-6E7FD5AAE00D}
	EndGlobalSection
EndGlobal
